lockfileVersion: '9.0'

settings:
  autoInstallPeers: true
  excludeLinksFromLockfile: false

importers:

  .:
    devDependencies:
      '@bufbuild/buf':
        specifier: ^1.47.2
        version: 1.70.0
      turbo:
        specifier: ^2.3.0
        version: 2.9.18
      typescript:
        specifier: ^5.7.2
        version: 5.9.3

packages:

  '@bufbuild/buf-darwin-arm64@1.70.0':
    resolution: {integrity: sha512-c7owUswBbMmwfHPH9JRBEJu09mrXYGC33V2JQCgraWCBm74Z95AOkhDua50qiBrQnysvJkJ0p/z4MWxJqcpnIA==}
    engines: {node: '>=12'}
    cpu: [arm64]
    os: [darwin]

  '@bufbuild/buf-darwin-x64@1.70.0':
    resolution: {integrity: sha512-sucV3lQXVuOqYs3+ToulkUh2tZuMnl286DKb44imp3PnexVhAVOP7d3ybYe98HNGwysEdjNP2WIOGb0uKuRCIQ==}
    engines: {node: '>=12'}
    cpu: [x64]
    os: [darwin]

  '@bufbuild/buf-linux-aarch64@1.70.0':
    resolution: {integrity: sha512-4viSYqbhIusd6LR+JayDex8S1rLUL+hTUMYUgSPl75EC93FpJM4vkk2RhoAhyjQqWF/JQLcyWV8kjRRiIwygdg==}
    engines: {node: '>=12'}
    cpu: [arm64]
    os: [linux]

  '@bufbuild/buf-linux-armv7@1.70.0':
    resolution: {integrity: sha512-GqujpTX4MXtYiUkxd6oI1g0JaCX3L6koT16Gl0D0HIQ/V2mptH7x4UW8nK3tAURMjrHsEEhcSJRtmfINTTKnsg==}
    engines: {node: '>=12'}
    cpu: [arm]
    os: [linux]

  '@bufbuild/buf-linux-x64@1.70.0':
    resolution: {integrity: sha512-5WHGUIb5iLFXcnqV33TDejqaPgx0CWFaYW7b4wh12wT0w3DR+ghFq6S6RmYyZLbTuhS4ZFsf+xyk5m+HViKxrA==}
    engines: {node: '>=12'}
    cpu: [x64]
    os: [linux]

  '@bufbuild/buf-win32-arm64@1.70.0':
    resolution: {integrity: sha512-dU1qh7iD08/1avCHwIOoGsatQctE6uGwgOue9GOaThi8/Rdy1x9CC/eFdyFSeCMwbUg9ABQvMGUocylfUe6xDw==}
    engines: {node: '>=12'}
    cpu: [arm64]
    os: [win32]

  '@bufbuild/buf-win32-x64@1.70.0':
    resolution: {integrity: sha512-iKYbjTbEk0ppkv2SrsPFhYus93kj/aMN8aRsrpuo91ZVqXg8JcH4XXbgFpwiFAsiABjqKICFfnDomrFvv49UOA==}
    engines: {node: '>=12'}
    cpu: [x64]
    os: [win32]

  '@bufbuild/buf@1.70.0':
    resolution: {integrity: sha512-oJWGqltlu8F7VVNHLoJ3pFXhjfiGpbh7+/mXW0y+VMPWFGxc9YDv4de1UcX7zhhjV6MbE4SiEGo5Gs5jhpVg5A==}
    engines: {node: '>=12'}
    hasBin: true

  '@turbo/darwin-64@2.9.18':
    resolution: {integrity: sha512-9f27peFu16ur8c0v9nUFUEyBnbKuuFsUTjHFWfmwGfzySBXbHwzU44QhZon6Mznz0cHsIr3984NQj/bVrnGSRw==}
    cpu: [x64]
    os: [darwin]

  '@turbo/darwin-arm64@2.9.18':
    resolution: {integrity: sha512-9A6TMRq/Ib+QnbhLlgkhOm+624wO4pzSQ/yQviQfWHOlFvaYxdnIAYmu2H6TS6y7kSVL0DvzNe04NbESTOzFVQ==}
    cpu: [arm64]
    os: [darwin]

  '@turbo/linux-64@2.9.18':
    resolution: {integrity: sha512-zCdIDtz69AnbYh913elJRRoF3QY5aa2HNnf+4rAkc7bQ+tWujiDkCNV7stazOUPggaDvhKIf2Z87qHftTeXSkw==}
    cpu: [x64]
    os: [linux]

  '@turbo/linux-arm64@2.9.18':
    resolution: {integrity: sha512-Va1kXI04naMgYwqv/5Dfa36dTDx8015U7oaQAjrXa45ua9OoFjSV4OmvkML4EmXvUclQHCiBRbY8bvd0jV7eAg==}
    cpu: [arm64]
    os: [linux]

  '@turbo/windows-64@2.9.18':
    resolution: {integrity: sha512-m0kDhZANxSNz9ck1ybogFscHabriAsp4eDFNrN/1H5WrgTF7b3VlcPZnhuO3v2+E2KnCbeAc+UUT10BZZHdDKw==}
    cpu: [x64]
    os: [win32]

  '@turbo/windows-arm64@2.9.18':
    resolution: {integrity: sha512-nUdR8WqoomUys9iIQmG45TMiizJ+5BV8egSeLLZba/AWblyp3fVBcIH1kSE58OtK4g2YzbMJEth6Ttv9w5rqMA==}
    cpu: [arm64]
    os: [win32]

  turbo@2.9.18:
    resolution: {integrity: sha512-bwabv6PupzeavybzEoArBAkwq5fnzwf8OFnRtpHwnviFWuwJPFxtyH+aVp36TmIqK3aYYgtTJ3J0m2ysxxSzQg==}
    hasBin: true

  typescript@5.9.3:
    resolution: {integrity: sha512-jl1vZzPDinLr9eUt3J/t7V6FgNEw9QjvBPdysz9KfQDD41fQrC2Y4vKQdiaUpFT4bXlb1RHhLpp8wtm6M5TgSw==}
    engines: {node: '>=14.17'}
    hasBin: true

snapshots:

  '@bufbuild/buf-darwin-arm64@1.70.0':
    optional: true

  '@bufbuild/buf-darwin-x64@1.70.0':
    optional: true

  '@bufbuild/buf-linux-aarch64@1.70.0':
    optional: true

  '@bufbuild/buf-linux-armv7@1.70.0':
    optional: true

  '@bufbuild/buf-linux-x64@1.70.0':
    optional: true

  '@bufbuild/buf-win32-arm64@1.70.0':
    optional: true

  '@bufbuild/buf-win32-x64@1.70.0':
    optional: true

  '@bufbuild/buf@1.70.0':
    optionalDependencies:
      '@bufbuild/buf-darwin-arm64': 1.70.0
      '@bufbuild/buf-darwin-x64': 1.70.0
      '@bufbuild/buf-linux-aarch64': 1.70.0
      '@bufbuild/buf-linux-armv7': 1.70.0
      '@bufbuild/buf-linux-x64': 1.70.0
      '@bufbuild/buf-win32-arm64': 1.70.0
      '@bufbuild/buf-win32-x64': 1.70.0

  '@turbo/darwin-64@2.9.18':
    optional: true

  '@turbo/darwin-arm64@2.9.18':
    optional: true

  '@turbo/linux-64@2.9.18':
    optional: true

  '@turbo/linux-arm64@2.9.18':
    optional: true

  '@turbo/windows-64@2.9.18':
    optional: true

  '@turbo/windows-arm64@2.9.18':
    optional: true

  turbo@2.9.18:
    optionalDependencies:
      '@turbo/darwin-64': 2.9.18
      '@turbo/darwin-arm64': 2.9.18
      '@turbo/linux-64': 2.9.18
      '@turbo/linux-arm64': 2.9.18
      '@turbo/windows-64': 2.9.18
      '@turbo/windows-arm64': 2.9.18

  typescript@5.9.3: {}
